// !$*UTF8*$!
{
	archiveVersion = 1;
	classes = {
	};
	objectVersion = 50;
	objects = {

/* Begin PBXBuildFile section */
		34DCB60B23FEFC0100E331ED /* AppDelegate.swift in Sources */ = {isa = PBXBuildFile; fileRef = 34DCB60A23FEFC0100E331ED /* AppDelegate.swift */; };
		34DCB60D23FEFC0100E331ED /* SceneDelegate.swift in Sources */ = {isa = PBXBuildFile; fileRef = 34DCB60C23FEFC0100E331ED /* SceneDelegate.swift */; };
		34DCB60F23FEFC0100E331ED /* ViewController.swift in Sources */ = {isa = PBXBuildFile; fileRef = 34DCB60E23FEFC0100E331ED /* ViewController.swift */; };
		34DCB61223FEFC0100E331ED /* Main.storyboard in Resources */ = {isa = PBXBuildFile; fileRef = 34DCB61023FEFC0100E331ED /* Main.storyboard */; };
		34DCB61423FEFC0400E331ED /* Assets.xcassets in Resources */ = {isa = PBXBuildFile; fileRef = 34DCB61323FEFC0400E331ED /* Assets.xcassets */; };
		34DCB61723FEFC0400E331ED /* LaunchScreen.storyboard in Resources */ = {isa = PBXBuildFile; fileRef = 34DCB61523FEFC0400E331ED /* LaunchScreen.storyboard */; };
/* End PBXBuildFile section */

/* Begin PBXFileReference section */
		34DCB60723FEFC0100E331ED /* PhotoTaker.app */ = {isa = PBXFileReference; explicitFileType = wrapper.application; includeInIndex = 0; path = PhotoTaker.app; sourceTree = BUILT_PRODUCTS_DIR; };
		34DCB60A23FEFC0100E331ED /* AppDelegate.swift */ = {isa = PBXFileReference; lastKnownFileType = sourcecode.swift; path = AppDelegate.swift; sourceTree = "<group>"; };
		34DCB60C23FEFC0100E331ED /* SceneDelegate.swift */ = {isa = PBXFileReference; lastKnownFileType = sourcecode.swift; path = SceneDelegate.swift; sourceTree = "<group>"; };
		34DCB60E23FEFC0100E331ED /* ViewController.swift */ = {isa = PBXFileReference; lastKnownFileType = sourcecode.swift; path = ViewController.swift; sourceTree = "<group>"; };
		34DCB61123FEFC0100E331ED /* Base */ = {isa = PBXFileReference; lastKnownFileType = file.storyboard; name = Base; path = Base.lproj/Main.storyboard; sourceTree = "<group>"; };
		34DCB61323FEFC0400E331ED /* Assets.xcassets */ = {isa = PBXFileReference; lastKnownFileType = folder.assetcatalog; path = Assets.xcassets; sourceTree = "<group>"; };
		34DCB61623FEFC0400E331ED /* Base */ = {isa = PBXFileReference; lastKnownFileType = file.storyboard; name = Base; path = Base.lproj/LaunchScreen.storyboard; sourceTree = "<group>"; };
		34DCB61823FEFC0400E331ED /* Info.plist */ = {isa = PBXFileReference; lastKnownFileType = text.plist.xml; path = Info.plist; sourceTree = "<group>"; };
/* End PBXFileReference section */

/* Begin PBXFrameworksBuildPhase section */
		34DCB60423FEFC0100E331ED /* Frameworks */ = {
			isa = PBXFrameworksBuildPhase;
			buildActionMask = 2147483647;
			files = (
			);
			runOnlyForDeploymentPostprocessing = 0;
		};
/* End PBXFrameworksBuildPhase section */

/* Begin PBXGroup section */
		34DCB5FE23FEFC0100E331ED = {
			isa = PBXGroup;
			children = (
				34DCB60923FEFC0100E331ED /* PhotoTaker */,
				34DCB60823FEFC0100E331ED /* Products */,
			);
			sourceTree = "<group>";
		};
		34DCB60823FEFC0100E331ED /* Products */ = {
			isa = PBXGroup;
			children = (
				34DCB60723FEFC0100E331ED /* PhotoTaker.app */,
			);
			name = Products;
			sourceTree = "<group>";
		};
		34DCB60923FEFC0100E331ED /* PhotoTaker */ = {
			isa = PBXGroup;
			children = (
				34DCB60A23FEFC0100E331ED /* AppDelegate.swift */,
				34DCB60C23FEFC0100E331ED /* SceneDelegate.swift */,
				34DCB60E23FEFC0100E331ED /* ViewController.swift */,
				34DCB61023FEFC0100E331ED /* Main.storyboard */,
				34DCB61323FEFC0400E331ED /* Assets.xcassets */,
				34DCB61523FEFC0400E331ED /* LaunchScreen.storyboard */,
				34DCB61823FEFC0400E331ED /* Info.plist */,
			);
			path = PhotoTaker;
			sourceTree = "<group>";
		};
/* End PBXGroup section */

/* Begin PBXNativeTarget section */
		34DCB60623FEFC0100E331ED /* PhotoTaker */ = {
			isa = PBXNativeTarget;
			buildConfigurationList = 34DCB61B23FEFC0400E331ED /* Build configuration list for PBXNativeTarget "PhotoTaker" */;
			buildPhases = (
				34DCB60323FEFC0100E331ED /* Sources */,
				34DCB60423FEFC0100E331ED /* Frameworks */,
				34DCB60523FEFC0100E331ED /* Resources */,
			);
			buildRules = (
			);
			dependencies = (
			);
			name = PhotoTaker;
			productName = PhotoTaker;
			productReference = 34DCB60723FEFC0100E331ED /* PhotoTaker.app */;
			productType = "com.apple.product-type.application";
		};
/* End PBXNativeTarget section */

/* Begin PBXProject section */
		34DCB5FF23FEFC0100E331ED /* Project object */ = {
			isa = PBXProject;
			attributes = {
				LastSwiftUpdateCheck = 1130;
				LastUpgradeCheck = 1130;
				ORGANIZATIONNAME = "Matthew Silletti";
				TargetAttributes = {
					34DCB60623FEFC0100E331ED = {
						CreatedOnToolsVersion = 11.3.1;
					};
				};
			};
			buildConfigurationList = 34DCB60223FEFC0100E331ED /* Build configuration list for PBXProject "PhotoTaker" */;
			compatibilityVersion = "Xcode 9.3";
			developmentRegion = en;
			hasScannedForEncodings = 0;
			knownRegions = (
				en,
				Base,
			);
			mainGroup = 34DCB5FE23FEFC0100E331ED;
			productRefGroup = 34DCB60823FEFC0100E331ED /* Products */;
			projectDirPath = "";
			projectRoot = "";
			targets = (
				34DCB60623FEFC0100E331ED /* PhotoTaker */,
			);
		};
/* End PBXProject section */

/* Begin PBXResourcesBuildPhase section */
		34DCB60523FEFC0100E331ED /* Resources */ = {
			isa = PBXResourcesBuildPhase;
			buildActionMask = 2147483647;
			files = (
				34DCB61723FEFC0400E331ED /* LaunchScreen.storyboard in Resources */,
				34DCB61423FEFC0400E331ED /* Assets.xcassets in Resources */,
				34DCB61223FEFC0100E331ED /* Main.storyboard in Resources */,
			);
			runOnlyForDeploymentPostprocessing = 0;
		};
/* End PBXResourcesBuildPhase section */

/* Begin PBXSourcesBuildPhase section */
		34DCB60323FEFC0100E331ED /* Sources */ = {
			isa = PBXSourcesBuildPhase;
			buildActionMask = 2147483647;
			files = (
				34DCB60F23FEFC0100E331ED /* ViewController.swift in Sources */,
				34DCB60B23FEFC0100E331ED /* AppDelegate.swift in Sources */,
				34DCB60D23FEFC0100E331ED /* SceneDelegate.swift in Sources */,
			);
			runOnlyForDeploymentPostprocessing = 0;
		};
/* End PBXSourcesBuildPhase section */

/* Begin PBXVariantGroup section */
		34DCB61023FEFC0100E331ED /* Main.storyboard */ = {
			isa = PBXVariantGroup;
			children = (
				34DCB61123FEFC0100E331ED /* Base */,
			);
			name = Main.storyboard;
			sourceTree = "<group>";
		};
		34DCB61523FEFC0400E331ED /* LaunchScreen.storyboard */ = {
			isa = PBXVariantGroup;
			children = (
				34DCB61623FEFC0400E331ED /* Base */,
			);
			name = LaunchScreen.storyboard;
			sourceTree = "<group>";
		};
/* End PBXVariantGroup section */

/* Begin XCBuildConfiguration section */
		34DCB61923FEFC0400E331ED /* Debug */ = {
			isa = XCBuildConfiguration;
			buildSettings = {
				ALWAYS_SEARCH_USER_PATHS = NO;
				CLANG_ANALYZER_NONNULL = YES;
				CLANG_ANALYZER_NUMBER_OBJECT_CONVERSION = YES_AGGRESSIVE;
				CLANG_CXX_LANGUAGE_STANDARD = "gnu++14";
				CLANG_CXX_LIBRARY = "libc++";
				CLANG_ENABLE_MODULES = YES;
				CLANG_ENABLE_OBJC_ARC = YES;
				CLANG_ENABLE_OBJC_WEAK = YES;
				CLANG_WARN_BLOCK_CAPTURE_AUTORELEASING = YES;
				CLANG_WARN_BOOL_CONVERSION = YES;
				CLANG_WARN_COMMA = YES;
				CLANG_WARN_CONSTANT_CONVERSION = YES;
				CLANG_WARN_DEPRECATED_OBJC_IMPLEMENTATIONS = YES;
				CLANG_WARN_DIRECT_OBJC_ISA_USAGE = YES_ERROR;
				CLANG_WARN_DOCUMENTATION_COMMENTS = YES;
				CLANG_WARN_EMPTY_BODY = YES;
				CLANG_WARN_ENUM_CONVERSION = YES;
				CLANG_WARN_INFINITE_RECURSION = YES;
				CLANG_WARN_INT_CONVERSION = YES;
				CLANG_WARN_NON_LITERAL_NULL_CONVERSION = YES;
				CLANG_WARN_OBJC_IMPLICIT_RETAIN_SELF = YES;
				CLANG_WARN_OBJC_LITERAL_CONVERSION = YES;
				CLANG_WARN_OBJC_ROOT_CLASS = YES_ERROR;
				CLANG_WARN_RANGE_LOOP_ANALYSIS = YES;
				CLANG_WARN_STRICT_PROTOTYPES = YES;
				CLANG_WARN_SUSPICIOUS_MOVE = YES;
				CLANG_WARN_UNGUARDED_AVAILABILITY = YES_AGGRESSIVE;
				CLANG_WARN_UNREACHABLE_CODE = YES;
				CLANG_WARN__DUPLICATE_METHOD_MATCH = YES;
				COPY_PHASE_STRIP = NO;
				DEBUG_INFORMATION_FORMAT = dwarf;
				ENABLE_STRICT_OBJC_MSGSEND = YES;
				ENABLE_TESTABILITY = YES;
				GCC_C_LANGUAGE_STANDARD = gnu11;
				GCC_DYNAMIC_NO_PIC = NO;
				GCC_NO_COMMON_BLOCKS = YES;
				GCC_OPTIMIZATION_LEVEL = 0;
				GCC_PREPROCESSOR_DEFINITIONS = (
					"DEBUG=1",
					"$(inherited)",
				);
				GCC_WARN_64_TO_32_BIT_CONVERSION = YES;
				GCC_WARN_ABOUT_RETURN_TYPE = YES_ERROR;
				GCC_WARN_UNDECLARED_SELECTOR = YES;
				GCC_WARN_UNINITIALIZED_AUTOS = YES_AGGRESSIVE;
				GCC_WARN_UNUSED_FUNCTION = YES;
				GCC_WARN_UNUSED_VARIABLE = YES;
				IPHONEOS_DEPLOYMENT_TARGET = 13.2;
				MTL_ENABLE_DEBUG_INFO = INCLUDE_SOURCE;
				MTL_FAST_MATH = YES;
				ONLY_ACTIVE_ARCH = YES;
				SDKROOT = iphoneos;
				SWIFT_ACTIVE_COMPILATION_CONDITIONS = DEBUG;
				SWIFT_OPTIMIZATION_LEVEL = "-Onone";
			};
			name = Debug;
		};
		34DCB61A23FEFC0400E331ED /* Release */ = {
			isa = XCBuildConfiguration;
			buildSettings = {
				ALWAYS_SEARCH_USER_PATHS = NO;
				CLANG_ANALYZER_NONNULL = YES;
				CLANG_ANALYZER_NUMBER_OBJECT_CONVERSION = YES_AGGRESSIVE;
				CLANG_CXX_LANGUAGE_STANDARD = "gnu++14";
				CLANG_CXX_LIBRARY = "libc++";
				CLANG_ENABLE_MODULES = YES;
				CLANG_ENABLE_OBJC_ARC = YES;
				CLANG_ENABLE_OBJC_WEAK = YES;
				CLANG_WARN_BLOCK_CAPTURE_AUTORELEASING = YES;
				CLANG_WARN_BOOL_CONVERSION = YES;
				CLANG_WARN_COMMA = YES;
				CLANG_WARN_CONSTANT_CONVERSION = YES;
				CLANG_WARN_DEPRECATED_OBJC_IMPLEMENTATIONS = YES;
				CLANG_WARN_DIRECT_OBJC_ISA_USAGE = YES_ERROR;
				CLANG_WARN_DOCUMENTATION_COMMENTS = YES;
				CLANG_WARN_EMPTY_BODY = YES;
				CLANG_WARN_ENUM_CONVERSION = YES;
				CLANG_WARN_INFINITE_RECURSION = YES;
				CLANG_WARN_INT_CONVERSION = YES;
				CLANG_WARN_NON_LITERAL_NULL_CONVERSION = YES;
				CLANG_WARN_OBJC_IMPLICIT_RETAIN_SELF = YES;
				CLANG_WARN_OBJC_LITERAL_CONVERSION = YES;
				CLANG_WARN_OBJC_ROOT_CLASS = YES_ERROR;
				CLANG_WARN_RANGE_LOOP_ANALYSIS = YES;
				CLANG_WARN_STRICT_PROTOTYPES = YES;
				CLANG_WARN_SUSPICIOUS_MOVE = YES;
				CLANG_WARN_UNGUARDED_AVAILABILITY = YES_AGGRESSIVE;
				CLANG_WARN_UNREACHABLE_CODE = YES;
				CLANG_WARN__DUPLICATE_METHOD_MATCH = YES;
				COPY_PHASE_STRIP = NO;
				DEBUG_INFORMATION_FORMAT = "dwarf-with-dsym";
				ENABLE_NS_ASSERTIONS = NO;
				ENABLE_STRICT_OBJC_MSGSEND = YES;
				GCC_C_LANGUAGE_STANDARD = gnu11;
				GCC_NO_COMMON_BLOCKS = YES;
				GCC_WARN_64_TO_32_BIT_CONVERSION = YES;
				GCC_WARN_ABOUT_RETURN_TYPE = YES_ERROR;
				GCC_WARN_UNDECLARED_SELECTOR = YES;
				GCC_WARN_UNINITIALIZED_AUTOS = YES_AGGRESSIVE;
				GCC_WARN_UNUSED_FUNCTION = YES;
				GCC_WARN_UNUSED_VARIABLE = YES;
				IPHONEOS_DEPLOYMENT_TARGET = 13.2;
				MTL_ENABLE_DEBUG_INFO = NO;
				MTL_FAST_MATH = YES;
				SDKROOT = iphoneos;
				SWIFT_COMPILATION_MODE = wholemodule;
				SWIFT_OPTIMIZATION_LEVEL = "-O";
				VALIDATE_PRODUCT = YES;
			};
			name = Release;
		};
		34DCB61C23FEFC0400E331ED /* Debug */ = {
			isa = XCBuildConfiguration;
			buildSettings = {
				ASSETCATALOG_COMPILER_APPICON_NAME = AppIcon;
				CODE_SIGN_STYLE = Automatic;
				DEVELOPMENT_TEAM = T6M4DKL2NY;
				INFOPLIST_FILE = PhotoTaker/Info.plist;
				LD_RUNPATH_SEARCH_PATHS = (
					"$(inherited)",
					"@executable_path/Frameworks",
				);
				PRODUCT_BUNDLE_IDENTIFIER = com.MatthewSilletti.PhotoTaker;
				PRODUCT_NAME = "$(TARGET_NAME)";
				SWIFT_VERSION = 5.0;
				TARGETED_DEVICE_FAMILY = "1,2";
			};
			name = Debug;
		};
		34DCB61D23FEFC0400E331ED /* Release */ = {
			isa = XCBuildConfiguration;
			buildSettings = {
				ASSETCATALOG_COMPILER_APPICON_NAME = AppIcon;
				CODE_SIGN_STYLE = Automatic;
				DEVELOPMENT_TEAM = T6M4DKL2NY;
				INFOPLIST_FILE = PhotoTaker/Info.plist;
				LD_RUNPATH_SEARCH_PATHS = (
					"$(inherited)",
					"@executable_path/Frameworks",
				);
				PRODUCT_BUNDLE_IDENTIFIER = com.MatthewSilletti.PhotoTaker;
				PRODUCT_NAME = "$(TARGET_NAME)";
				SWIFT_VERSION = 5.0;
				TARGETED_DEVICE_FAMILY = "1,2";
			};
			name = Release;
		};
/* End XCBuildConfiguration section */

/* Begin XCConfigurationList section */
		34DCB60223FEFC0100E331ED /* Build configuration list for PBXProject "PhotoTaker" */ = {
			isa = XCConfigurationList;
			buildConfigurations = (
				34DCB61923FEFC0400E331ED /* Debug */,
				34DCB61A23FEFC0400E331ED /* Release */,
			);
			defaultConfigurationIsVisible = 0;
			defaultConfigurationName = Release;
		};
		34DCB61B23FEFC0400E331ED /* Build configuration list for PBXNativeTarget "PhotoTaker" */ = {
			isa = XCConfigurationList;
			buildConfigurations = (
				34DCB61C23FEFC0400E331ED /* Debug */,
				34DCB61D23FEFC0400E331ED /* Release */,
			);
			defaultConfigurationIsVisible = 0;
			defaultConfigurationName = Release;
		};
/* End XCConfigurationList section */
	};
	rootObject = 34DCB5FF23FEFC0100E331ED /* Project object */;
}
