// !$*UTF8*$!
{
	archiveVersion = 1;
	classes = {
	};
	objectVersion = 50;
	objects = {

/* Begin PBXBuildFile section */
		3423AE73235770E3009FDDFA /* AppDelegate.swift in Sources */ = {isa = PBXBuildFile; fileRef = 3423AE72235770E3009FDDFA /* AppDelegate.swift */; };
		3423AE75235770E3009FDDFA /* SceneDelegate.swift in Sources */ = {isa = PBXBuildFile; fileRef = 3423AE74235770E3009FDDFA /* SceneDelegate.swift */; };
		3423AE77235770E3009FDDFA /* ViewController.swift in Sources */ = {isa = PBXBuildFile; fileRef = 3423AE76235770E3009FDDFA /* ViewController.swift */; };
		3423AE7A235770E3009FDDFA /* Main.storyboard in Resources */ = {isa = PBXBuildFile; fileRef = 3423AE78235770E3009FDDFA /* Main.storyboard */; };
		3423AE7C235770E5009FDDFA /* Assets.xcassets in Resources */ = {isa = PBXBuildFile; fileRef = 3423AE7B235770E5009FDDFA /* Assets.xcassets */; };
		3423AE7F235770E5009FDDFA /* LaunchScreen.storyboard in Resources */ = {isa = PBXBuildFile; fileRef = 3423AE7D235770E5009FDDFA /* LaunchScreen.storyboard */; };
/* End PBXBuildFile section */

/* Begin PBXFileReference section */
		3423AE6F235770E3009FDDFA /* Pizza Picker App.app */ = {isa = PBXFileReference; explicitFileType = wrapper.application; includeInIndex = 0; path = "Pizza Picker App.app"; sourceTree = BUILT_PRODUCTS_DIR; };
		3423AE72235770E3009FDDFA /* AppDelegate.swift */ = {isa = PBXFileReference; lastKnownFileType = sourcecode.swift; path = AppDelegate.swift; sourceTree = "<group>"; };
		3423AE74235770E3009FDDFA /* SceneDelegate.swift */ = {isa = PBXFileReference; lastKnownFileType = sourcecode.swift; path = SceneDelegate.swift; sourceTree = "<group>"; };
		3423AE76235770E3009FDDFA /* ViewController.swift */ = {isa = PBXFileReference; lastKnownFileType = sourcecode.swift; path = ViewController.swift; sourceTree = "<group>"; };
		3423AE79235770E3009FDDFA /* Base */ = {isa = PBXFileReference; lastKnownFileType = file.storyboard; name = Base; path = Base.lproj/Main.storyboard; sourceTree = "<group>"; };
		3423AE7B235770E5009FDDFA /* Assets.xcassets */ = {isa = PBXFileReference; lastKnownFileType = folder.assetcatalog; path = Assets.xcassets; sourceTree = "<group>"; };
		3423AE7E235770E5009FDDFA /* Base */ = {isa = PBXFileReference; lastKnownFileType = file.storyboard; name = Base; path = Base.lproj/LaunchScreen.storyboard; sourceTree = "<group>"; };
		3423AE80235770E5009FDDFA /* Info.plist */ = {isa = PBXFileReference; lastKnownFileType = text.plist.xml; path = Info.plist; sourceTree = "<group>"; };
/* End PBXFileReference section */

/* Begin PBXFrameworksBuildPhase section */
		3423AE6C235770E3009FDDFA /* Frameworks */ = {
			isa = PBXFrameworksBuildPhase;
			buildActionMask = 2147483647;
			files = (
			);
			runOnlyForDeploymentPostprocessing = 0;
		};
/* End PBXFrameworksBuildPhase section */

/* Begin PBXGroup section */
		3423AE66235770E3009FDDFA = {
			isa = PBXGroup;
			children = (
				3423AE71235770E3009FDDFA /* Pizza Picker App */,
				3423AE70235770E3009FDDFA /* Products */,
			);
			sourceTree = "<group>";
		};
		3423AE70235770E3009FDDFA /* Products */ = {
			isa = PBXGroup;
			children = (
				3423AE6F235770E3009FDDFA /* Pizza Picker App.app */,
			);
			name = Products;
			sourceTree = "<group>";
		};
		3423AE71235770E3009FDDFA /* Pizza Picker App */ = {
			isa = PBXGroup;
			children = (
				3423AE72235770E3009FDDFA /* AppDelegate.swift */,
				3423AE74235770E3009FDDFA /* SceneDelegate.swift */,
				3423AE76235770E3009FDDFA /* ViewController.swift */,
				3423AE78235770E3009FDDFA /* Main.storyboard */,
				3423AE7B235770E5009FDDFA /* Assets.xcassets */,
				3423AE7D235770E5009FDDFA /* LaunchScreen.storyboard */,
				3423AE80235770E5009FDDFA /* Info.plist */,
			);
			path = "Pizza Picker App";
			sourceTree = "<group>";
		};
/* End PBXGroup section */

/* Begin PBXNativeTarget section */
		3423AE6E235770E3009FDDFA /* Pizza Picker App */ = {
			isa = PBXNativeTarget;
			buildConfigurationList = 3423AE83235770E5009FDDFA /* Build configuration list for PBXNativeTarget "Pizza Picker App" */;
			buildPhases = (
				3423AE6B235770E3009FDDFA /* Sources */,
				3423AE6C235770E3009FDDFA /* Frameworks */,
				3423AE6D235770E3009FDDFA /* Resources */,
			);
			buildRules = (
			);
			dependencies = (
			);
			name = "Pizza Picker App";
			productName = "Pizza Picker App";
			productReference = 3423AE6F235770E3009FDDFA /* Pizza Picker App.app */;
			productType = "com.apple.product-type.application";
		};
/* End PBXNativeTarget section */

/* Begin PBXProject section */
		3423AE67235770E3009FDDFA /* Project object */ = {
			isa = PBXProject;
			attributes = {
				LastSwiftUpdateCheck = 1110;
				LastUpgradeCheck = 1110;
				ORGANIZATIONNAME = "Matthew Silletti";
				TargetAttributes = {
					3423AE6E235770E3009FDDFA = {
						CreatedOnToolsVersion = 11.1;
					};
				};
			};
			buildConfigurationList = 3423AE6A235770E3009FDDFA /* Build configuration list for PBXProject "Pizza Picker App" */;
			compatibilityVersion = "Xcode 9.3";
			developmentRegion = en;
			hasScannedForEncodings = 0;
			knownRegions = (
				en,
				Base,
			);
			mainGroup = 3423AE66235770E3009FDDFA;
			productRefGroup = 3423AE70235770E3009FDDFA /* Products */;
			projectDirPath = "";
			projectRoot = "";
			targets = (
				3423AE6E235770E3009FDDFA /* Pizza Picker App */,
			);
		};
/* End PBXProject section */

/* Begin PBXResourcesBuildPhase section */
		3423AE6D235770E3009FDDFA /* Resources */ = {
			isa = PBXResourcesBuildPhase;
			buildActionMask = 2147483647;
			files = (
				3423AE7F235770E5009FDDFA /* LaunchScreen.storyboard in Resources */,
				3423AE7C235770E5009FDDFA /* Assets.xcassets in Resources */,
				3423AE7A235770E3009FDDFA /* Main.storyboard in Resources */,
			);
			runOnlyForDeploymentPostprocessing = 0;
		};
/* End PBXResourcesBuildPhase section */

/* Begin PBXSourcesBuildPhase section */
		3423AE6B235770E3009FDDFA /* Sources */ = {
			isa = PBXSourcesBuildPhase;
			buildActionMask = 2147483647;
			files = (
				3423AE77235770E3009FDDFA /* ViewController.swift in Sources */,
				3423AE73235770E3009FDDFA /* AppDelegate.swift in Sources */,
				3423AE75235770E3009FDDFA /* SceneDelegate.swift in Sources */,
			);
			runOnlyForDeploymentPostprocessing = 0;
		};
/* End PBXSourcesBuildPhase section */

/* Begin PBXVariantGroup section */
		3423AE78235770E3009FDDFA /* Main.storyboard */ = {
			isa = PBXVariantGroup;
			children = (
				3423AE79235770E3009FDDFA /* Base */,
			);
			name = Main.storyboard;
			sourceTree = "<group>";
		};
		3423AE7D235770E5009FDDFA /* LaunchScreen.storyboard */ = {
			isa = PBXVariantGroup;
			children = (
				3423AE7E235770E5009FDDFA /* Base */,
			);
			name = LaunchScreen.storyboard;
			sourceTree = "<group>";
		};
/* End PBXVariantGroup section */

/* Begin XCBuildConfiguration section */
		3423AE81235770E5009FDDFA /* Debug */ = {
			isa = XCBuildConfiguration;
			buildSettings = {
				ALWAYS_SEARCH_USER_PATHS = NO;
				CLANG_ANALYZER_NONNULL = YES;
				CLANG_ANALYZER_NUMBER_OBJECT_CONVERSION = YES_AGGRESSIVE;
				CLANG_CXX_LANGUAGE_STANDARD = "gnu++14";
				CLANG_CXX_LIBRARY = "libc++";
				CLANG_ENABLE_MODULES = YES;
				CLANG_ENABLE_OBJC_ARC = YES;
				CLANG_ENABLE_OBJC_WEAK = YES;
				CLANG_WARN_BLOCK_CAPTURE_AUTORELEASING = YES;
				CLANG_WARN_BOOL_CONVERSION = YES;
				CLANG_WARN_COMMA = YES;
				CLANG_WARN_CONSTANT_CONVERSION = YES;
				CLANG_WARN_DEPRECATED_OBJC_IMPLEMENTATIONS = YES;
				CLANG_WARN_DIRECT_OBJC_ISA_USAGE = YES_ERROR;
				CLANG_WARN_DOCUMENTATION_COMMENTS = YES;
				CLANG_WARN_EMPTY_BODY = YES;
				CLANG_WARN_ENUM_CONVERSION = YES;
				CLANG_WARN_INFINITE_RECURSION = YES;
				CLANG_WARN_INT_CONVERSION = YES;
				CLANG_WARN_NON_LITERAL_NULL_CONVERSION = YES;
				CLANG_WARN_OBJC_IMPLICIT_RETAIN_SELF = YES;
				CLANG_WARN_OBJC_LITERAL_CONVERSION = YES;
				CLANG_WARN_OBJC_ROOT_CLASS = YES_ERROR;
				CLANG_WARN_RANGE_LOOP_ANALYSIS = YES;
				CLANG_WARN_STRICT_PROTOTYPES = YES;
				CLANG_WARN_SUSPICIOUS_MOVE = YES;
				CLANG_WARN_UNGUARDED_AVAILABILITY = YES_AGGRESSIVE;
				CLANG_WARN_UNREACHABLE_CODE = YES;
				CLANG_WARN__DUPLICATE_METHOD_MATCH = YES;
				COPY_PHASE_STRIP = NO;
				DEBUG_INFORMATION_FORMAT = dwarf;
				ENABLE_STRICT_OBJC_MSGSEND = YES;
				ENABLE_TESTABILITY = YES;
				GCC_C_LANGUAGE_STANDARD = gnu11;
				GCC_DYNAMIC_NO_PIC = NO;
				GCC_NO_COMMON_BLOCKS = YES;
				GCC_OPTIMIZATION_LEVEL = 0;
				GCC_PREPROCESSOR_DEFINITIONS = (
					"DEBUG=1",
					"$(inherited)",
				);
				GCC_WARN_64_TO_32_BIT_CONVERSION = YES;
				GCC_WARN_ABOUT_RETURN_TYPE = YES_ERROR;
				GCC_WARN_UNDECLARED_SELECTOR = YES;
				GCC_WARN_UNINITIALIZED_AUTOS = YES_AGGRESSIVE;
				GCC_WARN_UNUSED_FUNCTION = YES;
				GCC_WARN_UNUSED_VARIABLE = YES;
				IPHONEOS_DEPLOYMENT_TARGET = 13.1;
				MTL_ENABLE_DEBUG_INFO = INCLUDE_SOURCE;
				MTL_FAST_MATH = YES;
				ONLY_ACTIVE_ARCH = YES;
				SDKROOT = iphoneos;
				SWIFT_ACTIVE_COMPILATION_CONDITIONS = DEBUG;
				SWIFT_OPTIMIZATION_LEVEL = "-Onone";
			};
			name = Debug;
		};
		3423AE82235770E5009FDDFA /* Release */ = {
			isa = XCBuildConfiguration;
			buildSettings = {
				ALWAYS_SEARCH_USER_PATHS = NO;
				CLANG_ANALYZER_NONNULL = YES;
				CLANG_ANALYZER_NUMBER_OBJECT_CONVERSION = YES_AGGRESSIVE;
				CLANG_CXX_LANGUAGE_STANDARD = "gnu++14";
				CLANG_CXX_LIBRARY = "libc++";
				CLANG_ENABLE_MODULES = YES;
				CLANG_ENABLE_OBJC_ARC = YES;
				CLANG_ENABLE_OBJC_WEAK = YES;
				CLANG_WARN_BLOCK_CAPTURE_AUTORELEASING = YES;
				CLANG_WARN_BOOL_CONVERSION = YES;
				CLANG_WARN_COMMA = YES;
				CLANG_WARN_CONSTANT_CONVERSION = YES;
				CLANG_WARN_DEPRECATED_OBJC_IMPLEMENTATIONS = YES;
				CLANG_WARN_DIRECT_OBJC_ISA_USAGE = YES_ERROR;
				CLANG_WARN_DOCUMENTATION_COMMENTS = YES;
				CLANG_WARN_EMPTY_BODY = YES;
				CLANG_WARN_ENUM_CONVERSION = YES;
				CLANG_WARN_INFINITE_RECURSION = YES;
				CLANG_WARN_INT_CONVERSION = YES;
				CLANG_WARN_NON_LITERAL_NULL_CONVERSION = YES;
				CLANG_WARN_OBJC_IMPLICIT_RETAIN_SELF = YES;
				CLANG_WARN_OBJC_LITERAL_CONVERSION = YES;
				CLANG_WARN_OBJC_ROOT_CLASS = YES_ERROR;
				CLANG_WARN_RANGE_LOOP_ANALYSIS = YES;
				CLANG_WARN_STRICT_PROTOTYPES = YES;
				CLANG_WARN_SUSPICIOUS_MOVE = YES;
				CLANG_WARN_UNGUARDED_AVAILABILITY = YES_AGGRESSIVE;
				CLANG_WARN_UNREACHABLE_CODE = YES;
				CLANG_WARN__DUPLICATE_METHOD_MATCH = YES;
				COPY_PHASE_STRIP = NO;
				DEBUG_INFORMATION_FORMAT = "dwarf-with-dsym";
				ENABLE_NS_ASSERTIONS = NO;
				ENABLE_STRICT_OBJC_MSGSEND = YES;
				GCC_C_LANGUAGE_STANDARD = gnu11;
				GCC_NO_COMMON_BLOCKS = YES;
				GCC_WARN_64_TO_32_BIT_CONVERSION = YES;
				GCC_WARN_ABOUT_RETURN_TYPE = YES_ERROR;
				GCC_WARN_UNDECLARED_SELECTOR = YES;
				GCC_WARN_UNINITIALIZED_AUTOS = YES_AGGRESSIVE;
				GCC_WARN_UNUSED_FUNCTION = YES;
				GCC_WARN_UNUSED_VARIABLE = YES;
				IPHONEOS_DEPLOYMENT_TARGET = 13.1;
				MTL_ENABLE_DEBUG_INFO = NO;
				MTL_FAST_MATH = YES;
				SDKROOT = iphoneos;
				SWIFT_COMPILATION_MODE = wholemodule;
				SWIFT_OPTIMIZATION_LEVEL = "-O";
				VALIDATE_PRODUCT = YES;
			};
			name = Release;
		};
		3423AE84235770E5009FDDFA /* Debug */ = {
			isa = XCBuildConfiguration;
			buildSettings = {
				ASSETCATALOG_COMPILER_APPICON_NAME = AppIcon;
				CODE_SIGN_STYLE = Automatic;
				INFOPLIST_FILE = "Pizza Picker App/Info.plist";
				LD_RUNPATH_SEARCH_PATHS = (
					"$(inherited)",
					"@executable_path/Frameworks",
				);
				PRODUCT_BUNDLE_IDENTIFIER = "com.MatthewSilletti.Pizza-Picker-App";
				PRODUCT_NAME = "$(TARGET_NAME)";
				SWIFT_VERSION = 5.0;
				TARGETED_DEVICE_FAMILY = "1,2";
			};
			name = Debug;
		};
		3423AE85235770E5009FDDFA /* Release */ = {
			isa = XCBuildConfiguration;
			buildSettings = {
				ASSETCATALOG_COMPILER_APPICON_NAME = AppIcon;
				CODE_SIGN_STYLE = Automatic;
				INFOPLIST_FILE = "Pizza Picker App/Info.plist";
				LD_RUNPATH_SEARCH_PATHS = (
					"$(inherited)",
					"@executable_path/Frameworks",
				);
				PRODUCT_BUNDLE_IDENTIFIER = "com.MatthewSilletti.Pizza-Picker-App";
				PRODUCT_NAME = "$(TARGET_NAME)";
				SWIFT_VERSION = 5.0;
				TARGETED_DEVICE_FAMILY = "1,2";
			};
			name = Release;
		};
/* End XCBuildConfiguration section */

/* Begin XCConfigurationList section */
		3423AE6A235770E3009FDDFA /* Build configuration list for PBXProject "Pizza Picker App" */ = {
			isa = XCConfigurationList;
			buildConfigurations = (
				3423AE81235770E5009FDDFA /* Debug */,
				3423AE82235770E5009FDDFA /* Release */,
			);
			defaultConfigurationIsVisible = 0;
			defaultConfigurationName = Release;
		};
		3423AE83235770E5009FDDFA /* Build configuration list for PBXNativeTarget "Pizza Picker App" */ = {
			isa = XCConfigurationList;
			buildConfigurations = (
				3423AE84235770E5009FDDFA /* Debug */,
				3423AE85235770E5009FDDFA /* Release */,
			);
			defaultConfigurationIsVisible = 0;
			defaultConfigurationName = Release;
		};
/* End XCConfigurationList section */
	};
	rootObject = 3423AE67235770E3009FDDFA /* Project object */;
}
