// !$*UTF8*$!
{
	archiveVersion = 1;
	classes = {
	};
	objectVersion = 50;
	objects = {

/* Begin PBXBuildFile section */
		340EA16F23F30DB400930D56 /* AppDelegate.swift in Sources */ = {isa = PBXBuildFile; fileRef = 340EA16E23F30DB400930D56 /* AppDelegate.swift */; };
		340EA17123F30DB400930D56 /* SceneDelegate.swift in Sources */ = {isa = PBXBuildFile; fileRef = 340EA17023F30DB400930D56 /* SceneDelegate.swift */; };
		340EA17323F30DB400930D56 /* ViewController.swift in Sources */ = {isa = PBXBuildFile; fileRef = 340EA17223F30DB400930D56 /* ViewController.swift */; };
		340EA17623F30DB400930D56 /* Main.storyboard in Resources */ = {isa = PBXBuildFile; fileRef = 340EA17423F30DB400930D56 /* Main.storyboard */; };
		340EA17823F30DBC00930D56 /* Assets.xcassets in Resources */ = {isa = PBXBuildFile; fileRef = 340EA17723F30DBC00930D56 /* Assets.xcassets */; };
		340EA17B23F30DBC00930D56 /* LaunchScreen.storyboard in Resources */ = {isa = PBXBuildFile; fileRef = 340EA17923F30DBC00930D56 /* LaunchScreen.storyboard */; };
		340EA18323F3111800930D56 /* NamedButton.swift in Sources */ = {isa = PBXBuildFile; fileRef = 340EA18223F3111800930D56 /* NamedButton.swift */; };
/* End PBXBuildFile section */

/* Begin PBXFileReference section */
		340EA16B23F30DB400930D56 /* NewButton.app */ = {isa = PBXFileReference; explicitFileType = wrapper.application; includeInIndex = 0; path = NewButton.app; sourceTree = BUILT_PRODUCTS_DIR; };
		340EA16E23F30DB400930D56 /* AppDelegate.swift */ = {isa = PBXFileReference; lastKnownFileType = sourcecode.swift; path = AppDelegate.swift; sourceTree = "<group>"; };
		340EA17023F30DB400930D56 /* SceneDelegate.swift */ = {isa = PBXFileReference; lastKnownFileType = sourcecode.swift; path = SceneDelegate.swift; sourceTree = "<group>"; };
		340EA17223F30DB400930D56 /* ViewController.swift */ = {isa = PBXFileReference; lastKnownFileType = sourcecode.swift; path = ViewController.swift; sourceTree = "<group>"; };
		340EA17523F30DB400930D56 /* Base */ = {isa = PBXFileReference; lastKnownFileType = file.storyboard; name = Base; path = Base.lproj/Main.storyboard; sourceTree = "<group>"; };
		340EA17723F30DBC00930D56 /* Assets.xcassets */ = {isa = PBXFileReference; lastKnownFileType = folder.assetcatalog; path = Assets.xcassets; sourceTree = "<group>"; };
		340EA17A23F30DBC00930D56 /* Base */ = {isa = PBXFileReference; lastKnownFileType = file.storyboard; name = Base; path = Base.lproj/LaunchScreen.storyboard; sourceTree = "<group>"; };
		340EA17C23F30DBC00930D56 /* Info.plist */ = {isa = PBXFileReference; lastKnownFileType = text.plist.xml; path = Info.plist; sourceTree = "<group>"; };
		340EA18223F3111800930D56 /* NamedButton.swift */ = {isa = PBXFileReference; lastKnownFileType = sourcecode.swift; path = NamedButton.swift; sourceTree = "<group>"; };
/* End PBXFileReference section */

/* Begin PBXFrameworksBuildPhase section */
		340EA16823F30DB400930D56 /* Frameworks */ = {
			isa = PBXFrameworksBuildPhase;
			buildActionMask = 2147483647;
			files = (
			);
			runOnlyForDeploymentPostprocessing = 0;
		};
/* End PBXFrameworksBuildPhase section */

/* Begin PBXGroup section */
		340EA16223F30DB400930D56 = {
			isa = PBXGroup;
			children = (
				340EA16D23F30DB400930D56 /* NewButton */,
				340EA16C23F30DB400930D56 /* Products */,
			);
			sourceTree = "<group>";
		};
		340EA16C23F30DB400930D56 /* Products */ = {
			isa = PBXGroup;
			children = (
				340EA16B23F30DB400930D56 /* NewButton.app */,
			);
			name = Products;
			sourceTree = "<group>";
		};
		340EA16D23F30DB400930D56 /* NewButton */ = {
			isa = PBXGroup;
			children = (
				340EA18223F3111800930D56 /* NamedButton.swift */,
				340EA16E23F30DB400930D56 /* AppDelegate.swift */,
				340EA17023F30DB400930D56 /* SceneDelegate.swift */,
				340EA17423F30DB400930D56 /* Main.storyboard */,
				340EA17223F30DB400930D56 /* ViewController.swift */,
				340EA17723F30DBC00930D56 /* Assets.xcassets */,
				340EA17923F30DBC00930D56 /* LaunchScreen.storyboard */,
				340EA17C23F30DBC00930D56 /* Info.plist */,
			);
			path = NewButton;
			sourceTree = "<group>";
		};
/* End PBXGroup section */

/* Begin PBXNativeTarget section */
		340EA16A23F30DB400930D56 /* NewButton */ = {
			isa = PBXNativeTarget;
			buildConfigurationList = 340EA17F23F30DBC00930D56 /* Build configuration list for PBXNativeTarget "NewButton" */;
			buildPhases = (
				340EA16723F30DB400930D56 /* Sources */,
				340EA16823F30DB400930D56 /* Frameworks */,
				340EA16923F30DB400930D56 /* Resources */,
			);
			buildRules = (
			);
			dependencies = (
			);
			name = NewButton;
			productName = NewButton;
			productReference = 340EA16B23F30DB400930D56 /* NewButton.app */;
			productType = "com.apple.product-type.application";
		};
/* End PBXNativeTarget section */

/* Begin PBXProject section */
		340EA16323F30DB400930D56 /* Project object */ = {
			isa = PBXProject;
			attributes = {
				LastSwiftUpdateCheck = 1130;
				LastUpgradeCheck = 1130;
				ORGANIZATIONNAME = "Matthew Silletti";
				TargetAttributes = {
					340EA16A23F30DB400930D56 = {
						CreatedOnToolsVersion = 11.3.1;
					};
				};
			};
			buildConfigurationList = 340EA16623F30DB400930D56 /* Build configuration list for PBXProject "NewButton" */;
			compatibilityVersion = "Xcode 9.3";
			developmentRegion = en;
			hasScannedForEncodings = 0;
			knownRegions = (
				en,
				Base,
			);
			mainGroup = 340EA16223F30DB400930D56;
			productRefGroup = 340EA16C23F30DB400930D56 /* Products */;
			projectDirPath = "";
			projectRoot = "";
			targets = (
				340EA16A23F30DB400930D56 /* NewButton */,
			);
		};
/* End PBXProject section */

/* Begin PBXResourcesBuildPhase section */
		340EA16923F30DB400930D56 /* Resources */ = {
			isa = PBXResourcesBuildPhase;
			buildActionMask = 2147483647;
			files = (
				340EA17B23F30DBC00930D56 /* LaunchScreen.storyboard in Resources */,
				340EA17823F30DBC00930D56 /* Assets.xcassets in Resources */,
				340EA17623F30DB400930D56 /* Main.storyboard in Resources */,
			);
			runOnlyForDeploymentPostprocessing = 0;
		};
/* End PBXResourcesBuildPhase section */

/* Begin PBXSourcesBuildPhase section */
		340EA16723F30DB400930D56 /* Sources */ = {
			isa = PBXSourcesBuildPhase;
			buildActionMask = 2147483647;
			files = (
				340EA17323F30DB400930D56 /* ViewController.swift in Sources */,
				340EA18323F3111800930D56 /* NamedButton.swift in Sources */,
				340EA16F23F30DB400930D56 /* AppDelegate.swift in Sources */,
				340EA17123F30DB400930D56 /* SceneDelegate.swift in Sources */,
			);
			runOnlyForDeploymentPostprocessing = 0;
		};
/* End PBXSourcesBuildPhase section */

/* Begin PBXVariantGroup section */
		340EA17423F30DB400930D56 /* Main.storyboard */ = {
			isa = PBXVariantGroup;
			children = (
				340EA17523F30DB400930D56 /* Base */,
			);
			name = Main.storyboard;
			sourceTree = "<group>";
		};
		340EA17923F30DBC00930D56 /* LaunchScreen.storyboard */ = {
			isa = PBXVariantGroup;
			children = (
				340EA17A23F30DBC00930D56 /* Base */,
			);
			name = LaunchScreen.storyboard;
			sourceTree = "<group>";
		};
/* End PBXVariantGroup section */

/* Begin XCBuildConfiguration section */
		340EA17D23F30DBC00930D56 /* Debug */ = {
			isa = XCBuildConfiguration;
			buildSettings = {
				ALWAYS_SEARCH_USER_PATHS = NO;
				CLANG_ANALYZER_NONNULL = YES;
				CLANG_ANALYZER_NUMBER_OBJECT_CONVERSION = YES_AGGRESSIVE;
				CLANG_CXX_LANGUAGE_STANDARD = "gnu++14";
				CLANG_CXX_LIBRARY = "libc++";
				CLANG_ENABLE_MODULES = YES;
				CLANG_ENABLE_OBJC_ARC = YES;
				CLANG_ENABLE_OBJC_WEAK = YES;
				CLANG_WARN_BLOCK_CAPTURE_AUTORELEASING = YES;
				CLANG_WARN_BOOL_CONVERSION = YES;
				CLANG_WARN_COMMA = YES;
				CLANG_WARN_CONSTANT_CONVERSION = YES;
				CLANG_WARN_DEPRECATED_OBJC_IMPLEMENTATIONS = YES;
				CLANG_WARN_DIRECT_OBJC_ISA_USAGE = YES_ERROR;
				CLANG_WARN_DOCUMENTATION_COMMENTS = YES;
				CLANG_WARN_EMPTY_BODY = YES;
				CLANG_WARN_ENUM_CONVERSION = YES;
				CLANG_WARN_INFINITE_RECURSION = YES;
				CLANG_WARN_INT_CONVERSION = YES;
				CLANG_WARN_NON_LITERAL_NULL_CONVERSION = YES;
				CLANG_WARN_OBJC_IMPLICIT_RETAIN_SELF = YES;
				CLANG_WARN_OBJC_LITERAL_CONVERSION = YES;
				CLANG_WARN_OBJC_ROOT_CLASS = YES_ERROR;
				CLANG_WARN_RANGE_LOOP_ANALYSIS = YES;
				CLANG_WARN_STRICT_PROTOTYPES = YES;
				CLANG_WARN_SUSPICIOUS_MOVE = YES;
				CLANG_WARN_UNGUARDED_AVAILABILITY = YES_AGGRESSIVE;
				CLANG_WARN_UNREACHABLE_CODE = YES;
				CLANG_WARN__DUPLICATE_METHOD_MATCH = YES;
				COPY_PHASE_STRIP = NO;
				DEBUG_INFORMATION_FORMAT = dwarf;
				ENABLE_STRICT_OBJC_MSGSEND = YES;
				ENABLE_TESTABILITY = YES;
				GCC_C_LANGUAGE_STANDARD = gnu11;
				GCC_DYNAMIC_NO_PIC = NO;
				GCC_NO_COMMON_BLOCKS = YES;
				GCC_OPTIMIZATION_LEVEL = 0;
				GCC_PREPROCESSOR_DEFINITIONS = (
					"DEBUG=1",
					"$(inherited)",
				);
				GCC_WARN_64_TO_32_BIT_CONVERSION = YES;
				GCC_WARN_ABOUT_RETURN_TYPE = YES_ERROR;
				GCC_WARN_UNDECLARED_SELECTOR = YES;
				GCC_WARN_UNINITIALIZED_AUTOS = YES_AGGRESSIVE;
				GCC_WARN_UNUSED_FUNCTION = YES;
				GCC_WARN_UNUSED_VARIABLE = YES;
				IPHONEOS_DEPLOYMENT_TARGET = 13.2;
				MTL_ENABLE_DEBUG_INFO = INCLUDE_SOURCE;
				MTL_FAST_MATH = YES;
				ONLY_ACTIVE_ARCH = YES;
				SDKROOT = iphoneos;
				SWIFT_ACTIVE_COMPILATION_CONDITIONS = DEBUG;
				SWIFT_OPTIMIZATION_LEVEL = "-Onone";
			};
			name = Debug;
		};
		340EA17E23F30DBC00930D56 /* Release */ = {
			isa = XCBuildConfiguration;
			buildSettings = {
				ALWAYS_SEARCH_USER_PATHS = NO;
				CLANG_ANALYZER_NONNULL = YES;
				CLANG_ANALYZER_NUMBER_OBJECT_CONVERSION = YES_AGGRESSIVE;
				CLANG_CXX_LANGUAGE_STANDARD = "gnu++14";
				CLANG_CXX_LIBRARY = "libc++";
				CLANG_ENABLE_MODULES = YES;
				CLANG_ENABLE_OBJC_ARC = YES;
				CLANG_ENABLE_OBJC_WEAK = YES;
				CLANG_WARN_BLOCK_CAPTURE_AUTORELEASING = YES;
				CLANG_WARN_BOOL_CONVERSION = YES;
				CLANG_WARN_COMMA = YES;
				CLANG_WARN_CONSTANT_CONVERSION = YES;
				CLANG_WARN_DEPRECATED_OBJC_IMPLEMENTATIONS = YES;
				CLANG_WARN_DIRECT_OBJC_ISA_USAGE = YES_ERROR;
				CLANG_WARN_DOCUMENTATION_COMMENTS = YES;
				CLANG_WARN_EMPTY_BODY = YES;
				CLANG_WARN_ENUM_CONVERSION = YES;
				CLANG_WARN_INFINITE_RECURSION = YES;
				CLANG_WARN_INT_CONVERSION = YES;
				CLANG_WARN_NON_LITERAL_NULL_CONVERSION = YES;
				CLANG_WARN_OBJC_IMPLICIT_RETAIN_SELF = YES;
				CLANG_WARN_OBJC_LITERAL_CONVERSION = YES;
				CLANG_WARN_OBJC_ROOT_CLASS = YES_ERROR;
				CLANG_WARN_RANGE_LOOP_ANALYSIS = YES;
				CLANG_WARN_STRICT_PROTOTYPES = YES;
				CLANG_WARN_SUSPICIOUS_MOVE = YES;
				CLANG_WARN_UNGUARDED_AVAILABILITY = YES_AGGRESSIVE;
				CLANG_WARN_UNREACHABLE_CODE = YES;
				CLANG_WARN__DUPLICATE_METHOD_MATCH = YES;
				COPY_PHASE_STRIP = NO;
				DEBUG_INFORMATION_FORMAT = "dwarf-with-dsym";
				ENABLE_NS_ASSERTIONS = NO;
				ENABLE_STRICT_OBJC_MSGSEND = YES;
				GCC_C_LANGUAGE_STANDARD = gnu11;
				GCC_NO_COMMON_BLOCKS = YES;
				GCC_WARN_64_TO_32_BIT_CONVERSION = YES;
				GCC_WARN_ABOUT_RETURN_TYPE = YES_ERROR;
				GCC_WARN_UNDECLARED_SELECTOR = YES;
				GCC_WARN_UNINITIALIZED_AUTOS = YES_AGGRESSIVE;
				GCC_WARN_UNUSED_FUNCTION = YES;
				GCC_WARN_UNUSED_VARIABLE = YES;
				IPHONEOS_DEPLOYMENT_TARGET = 13.2;
				MTL_ENABLE_DEBUG_INFO = NO;
				MTL_FAST_MATH = YES;
				SDKROOT = iphoneos;
				SWIFT_COMPILATION_MODE = wholemodule;
				SWIFT_OPTIMIZATION_LEVEL = "-O";
				VALIDATE_PRODUCT = YES;
			};
			name = Release;
		};
		340EA18023F30DBC00930D56 /* Debug */ = {
			isa = XCBuildConfiguration;
			buildSettings = {
				ASSETCATALOG_COMPILER_APPICON_NAME = AppIcon;
				CODE_SIGN_STYLE = Automatic;
				DEVELOPMENT_TEAM = T6M4DKL2NY;
				INFOPLIST_FILE = NewButton/Info.plist;
				LD_RUNPATH_SEARCH_PATHS = (
					"$(inherited)",
					"@executable_path/Frameworks",
				);
				PRODUCT_BUNDLE_IDENTIFIER = com.MatthewSilletti.NewButton;
				PRODUCT_NAME = "$(TARGET_NAME)";
				SWIFT_VERSION = 5.0;
				TARGETED_DEVICE_FAMILY = "1,2";
			};
			name = Debug;
		};
		340EA18123F30DBC00930D56 /* Release */ = {
			isa = XCBuildConfiguration;
			buildSettings = {
				ASSETCATALOG_COMPILER_APPICON_NAME = AppIcon;
				CODE_SIGN_STYLE = Automatic;
				DEVELOPMENT_TEAM = T6M4DKL2NY;
				INFOPLIST_FILE = NewButton/Info.plist;
				LD_RUNPATH_SEARCH_PATHS = (
					"$(inherited)",
					"@executable_path/Frameworks",
				);
				PRODUCT_BUNDLE_IDENTIFIER = com.MatthewSilletti.NewButton;
				PRODUCT_NAME = "$(TARGET_NAME)";
				SWIFT_VERSION = 5.0;
				TARGETED_DEVICE_FAMILY = "1,2";
			};
			name = Release;
		};
/* End XCBuildConfiguration section */

/* Begin XCConfigurationList section */
		340EA16623F30DB400930D56 /* Build configuration list for PBXProject "NewButton" */ = {
			isa = XCConfigurationList;
			buildConfigurations = (
				340EA17D23F30DBC00930D56 /* Debug */,
				340EA17E23F30DBC00930D56 /* Release */,
			);
			defaultConfigurationIsVisible = 0;
			defaultConfigurationName = Release;
		};
		340EA17F23F30DBC00930D56 /* Build configuration list for PBXNativeTarget "NewButton" */ = {
			isa = XCConfigurationList;
			buildConfigurations = (
				340EA18023F30DBC00930D56 /* Debug */,
				340EA18123F30DBC00930D56 /* Release */,
			);
			defaultConfigurationIsVisible = 0;
			defaultConfigurationName = Release;
		};
/* End XCConfigurationList section */
	};
	rootObject = 340EA16323F30DB400930D56 /* Project object */;
}
