// !$*UTF8*$!
{
	archiveVersion = 1;
	classes = {
	};
	objectVersion = 50;
	objects = {

/* Begin PBXBuildFile section */
		34A918B22451F204003EA944 /* encounter.mp3 in Resources */ = {isa = PBXBuildFile; fileRef = 34A918B12451F204003EA944 /* encounter.mp3 */; };
		34FADB7F244763750039552A /* AppDelegate.swift in Sources */ = {isa = PBXBuildFile; fileRef = 34FADB7E244763750039552A /* AppDelegate.swift */; };
		34FADB81244763750039552A /* GameScene.sks in Resources */ = {isa = PBXBuildFile; fileRef = 34FADB80244763750039552A /* GameScene.sks */; };
		34FADB85244763750039552A /* GameScene.swift in Sources */ = {isa = PBXBuildFile; fileRef = 34FADB84244763750039552A /* GameScene.swift */; };
		34FADB87244763750039552A /* GameViewController.swift in Sources */ = {isa = PBXBuildFile; fileRef = 34FADB86244763750039552A /* GameViewController.swift */; };
		34FADB8A244763750039552A /* Main.storyboard in Resources */ = {isa = PBXBuildFile; fileRef = 34FADB88244763750039552A /* Main.storyboard */; };
		34FADB8C244763780039552A /* Assets.xcassets in Resources */ = {isa = PBXBuildFile; fileRef = 34FADB8B244763780039552A /* Assets.xcassets */; };
		34FADB8F244763780039552A /* LaunchScreen.storyboard in Resources */ = {isa = PBXBuildFile; fileRef = 34FADB8D244763780039552A /* LaunchScreen.storyboard */; };
		34FADB972447659B0039552A /* GameManager.swift in Sources */ = {isa = PBXBuildFile; fileRef = 34FADB962447659B0039552A /* GameManager.swift */; };
/* End PBXBuildFile section */

/* Begin PBXFileReference section */
		34A918B12451F204003EA944 /* encounter.mp3 */ = {isa = PBXFileReference; lastKnownFileType = audio.mp3; path = encounter.mp3; sourceTree = "<group>"; };
		34FADB7B244763750039552A /* SolidSnake.app */ = {isa = PBXFileReference; explicitFileType = wrapper.application; includeInIndex = 0; path = SolidSnake.app; sourceTree = BUILT_PRODUCTS_DIR; };
		34FADB7E244763750039552A /* AppDelegate.swift */ = {isa = PBXFileReference; lastKnownFileType = sourcecode.swift; path = AppDelegate.swift; sourceTree = "<group>"; };
		34FADB80244763750039552A /* GameScene.sks */ = {isa = PBXFileReference; lastKnownFileType = file.sks; path = GameScene.sks; sourceTree = "<group>"; };
		34FADB84244763750039552A /* GameScene.swift */ = {isa = PBXFileReference; lastKnownFileType = sourcecode.swift; path = GameScene.swift; sourceTree = "<group>"; };
		34FADB86244763750039552A /* GameViewController.swift */ = {isa = PBXFileReference; lastKnownFileType = sourcecode.swift; path = GameViewController.swift; sourceTree = "<group>"; };
		34FADB89244763750039552A /* Base */ = {isa = PBXFileReference; lastKnownFileType = file.storyboard; name = Base; path = Base.lproj/Main.storyboard; sourceTree = "<group>"; };
		34FADB8B244763780039552A /* Assets.xcassets */ = {isa = PBXFileReference; lastKnownFileType = folder.assetcatalog; path = Assets.xcassets; sourceTree = "<group>"; };
		34FADB8E244763780039552A /* Base */ = {isa = PBXFileReference; lastKnownFileType = file.storyboard; name = Base; path = Base.lproj/LaunchScreen.storyboard; sourceTree = "<group>"; };
		34FADB90244763780039552A /* Info.plist */ = {isa = PBXFileReference; lastKnownFileType = text.plist.xml; path = Info.plist; sourceTree = "<group>"; };
		34FADB962447659B0039552A /* GameManager.swift */ = {isa = PBXFileReference; lastKnownFileType = sourcecode.swift; path = GameManager.swift; sourceTree = "<group>"; };
/* End PBXFileReference section */

/* Begin PBXFrameworksBuildPhase section */
		34FADB78244763750039552A /* Frameworks */ = {
			isa = PBXFrameworksBuildPhase;
			buildActionMask = 2147483647;
			files = (
			);
			runOnlyForDeploymentPostprocessing = 0;
		};
/* End PBXFrameworksBuildPhase section */

/* Begin PBXGroup section */
		34FADB72244763750039552A = {
			isa = PBXGroup;
			children = (
				34FADB7D244763750039552A /* SolidSnake */,
				34FADB7C244763750039552A /* Products */,
			);
			sourceTree = "<group>";
		};
		34FADB7C244763750039552A /* Products */ = {
			isa = PBXGroup;
			children = (
				34FADB7B244763750039552A /* SolidSnake.app */,
			);
			name = Products;
			sourceTree = "<group>";
		};
		34FADB7D244763750039552A /* SolidSnake */ = {
			isa = PBXGroup;
			children = (
				34FADB7E244763750039552A /* AppDelegate.swift */,
				34FADB80244763750039552A /* GameScene.sks */,
				34FADB84244763750039552A /* GameScene.swift */,
				34FADB962447659B0039552A /* GameManager.swift */,
				34A918B12451F204003EA944 /* encounter.mp3 */,
				34FADB86244763750039552A /* GameViewController.swift */,
				34FADB88244763750039552A /* Main.storyboard */,
				34FADB8B244763780039552A /* Assets.xcassets */,
				34FADB8D244763780039552A /* LaunchScreen.storyboard */,
				34FADB90244763780039552A /* Info.plist */,
			);
			path = SolidSnake;
			sourceTree = "<group>";
		};
/* End PBXGroup section */

/* Begin PBXNativeTarget section */
		34FADB7A244763750039552A /* SolidSnake */ = {
			isa = PBXNativeTarget;
			buildConfigurationList = 34FADB93244763780039552A /* Build configuration list for PBXNativeTarget "SolidSnake" */;
			buildPhases = (
				34FADB77244763750039552A /* Sources */,
				34FADB78244763750039552A /* Frameworks */,
				34FADB79244763750039552A /* Resources */,
			);
			buildRules = (
			);
			dependencies = (
			);
			name = SolidSnake;
			productName = SolidSnake;
			productReference = 34FADB7B244763750039552A /* SolidSnake.app */;
			productType = "com.apple.product-type.application";
		};
/* End PBXNativeTarget section */

/* Begin PBXProject section */
		34FADB73244763750039552A /* Project object */ = {
			isa = PBXProject;
			attributes = {
				LastSwiftUpdateCheck = 1140;
				LastUpgradeCheck = 1140;
				ORGANIZATIONNAME = "Matthew Silletti";
				TargetAttributes = {
					34FADB7A244763750039552A = {
						CreatedOnToolsVersion = 11.4;
					};
				};
			};
			buildConfigurationList = 34FADB76244763750039552A /* Build configuration list for PBXProject "SolidSnake" */;
			compatibilityVersion = "Xcode 9.3";
			developmentRegion = en;
			hasScannedForEncodings = 0;
			knownRegions = (
				en,
				Base,
			);
			mainGroup = 34FADB72244763750039552A;
			productRefGroup = 34FADB7C244763750039552A /* Products */;
			projectDirPath = "";
			projectRoot = "";
			targets = (
				34FADB7A244763750039552A /* SolidSnake */,
			);
		};
/* End PBXProject section */

/* Begin PBXResourcesBuildPhase section */
		34FADB79244763750039552A /* Resources */ = {
			isa = PBXResourcesBuildPhase;
			buildActionMask = 2147483647;
			files = (
				34FADB8A244763750039552A /* Main.storyboard in Resources */,
				34FADB81244763750039552A /* GameScene.sks in Resources */,
				34FADB8C244763780039552A /* Assets.xcassets in Resources */,
				34A918B22451F204003EA944 /* encounter.mp3 in Resources */,
				34FADB8F244763780039552A /* LaunchScreen.storyboard in Resources */,
			);
			runOnlyForDeploymentPostprocessing = 0;
		};
/* End PBXResourcesBuildPhase section */

/* Begin PBXSourcesBuildPhase section */
		34FADB77244763750039552A /* Sources */ = {
			isa = PBXSourcesBuildPhase;
			buildActionMask = 2147483647;
			files = (
				34FADB85244763750039552A /* GameScene.swift in Sources */,
				34FADB972447659B0039552A /* GameManager.swift in Sources */,
				34FADB87244763750039552A /* GameViewController.swift in Sources */,
				34FADB7F244763750039552A /* AppDelegate.swift in Sources */,
			);
			runOnlyForDeploymentPostprocessing = 0;
		};
/* End PBXSourcesBuildPhase section */

/* Begin PBXVariantGroup section */
		34FADB88244763750039552A /* Main.storyboard */ = {
			isa = PBXVariantGroup;
			children = (
				34FADB89244763750039552A /* Base */,
			);
			name = Main.storyboard;
			sourceTree = "<group>";
		};
		34FADB8D244763780039552A /* LaunchScreen.storyboard */ = {
			isa = PBXVariantGroup;
			children = (
				34FADB8E244763780039552A /* Base */,
			);
			name = LaunchScreen.storyboard;
			sourceTree = "<group>";
		};
/* End PBXVariantGroup section */

/* Begin XCBuildConfiguration section */
		34FADB91244763780039552A /* Debug */ = {
			isa = XCBuildConfiguration;
			buildSettings = {
				ALWAYS_SEARCH_USER_PATHS = NO;
				CLANG_ANALYZER_NONNULL = YES;
				CLANG_ANALYZER_NUMBER_OBJECT_CONVERSION = YES_AGGRESSIVE;
				CLANG_CXX_LANGUAGE_STANDARD = "gnu++14";
				CLANG_CXX_LIBRARY = "libc++";
				CLANG_ENABLE_MODULES = YES;
				CLANG_ENABLE_OBJC_ARC = YES;
				CLANG_ENABLE_OBJC_WEAK = YES;
				CLANG_WARN_BLOCK_CAPTURE_AUTORELEASING = YES;
				CLANG_WARN_BOOL_CONVERSION = YES;
				CLANG_WARN_COMMA = YES;
				CLANG_WARN_CONSTANT_CONVERSION = YES;
				CLANG_WARN_DEPRECATED_OBJC_IMPLEMENTATIONS = YES;
				CLANG_WARN_DIRECT_OBJC_ISA_USAGE = YES_ERROR;
				CLANG_WARN_DOCUMENTATION_COMMENTS = YES;
				CLANG_WARN_EMPTY_BODY = YES;
				CLANG_WARN_ENUM_CONVERSION = YES;
				CLANG_WARN_INFINITE_RECURSION = YES;
				CLANG_WARN_INT_CONVERSION = YES;
				CLANG_WARN_NON_LITERAL_NULL_CONVERSION = YES;
				CLANG_WARN_OBJC_IMPLICIT_RETAIN_SELF = YES;
				CLANG_WARN_OBJC_LITERAL_CONVERSION = YES;
				CLANG_WARN_OBJC_ROOT_CLASS = YES_ERROR;
				CLANG_WARN_RANGE_LOOP_ANALYSIS = YES;
				CLANG_WARN_STRICT_PROTOTYPES = YES;
				CLANG_WARN_SUSPICIOUS_MOVE = YES;
				CLANG_WARN_UNGUARDED_AVAILABILITY = YES_AGGRESSIVE;
				CLANG_WARN_UNREACHABLE_CODE = YES;
				CLANG_WARN__DUPLICATE_METHOD_MATCH = YES;
				COPY_PHASE_STRIP = NO;
				DEBUG_INFORMATION_FORMAT = dwarf;
				ENABLE_STRICT_OBJC_MSGSEND = YES;
				ENABLE_TESTABILITY = YES;
				GCC_C_LANGUAGE_STANDARD = gnu11;
				GCC_DYNAMIC_NO_PIC = NO;
				GCC_NO_COMMON_BLOCKS = YES;
				GCC_OPTIMIZATION_LEVEL = 0;
				GCC_PREPROCESSOR_DEFINITIONS = (
					"DEBUG=1",
					"$(inherited)",
				);
				GCC_WARN_64_TO_32_BIT_CONVERSION = YES;
				GCC_WARN_ABOUT_RETURN_TYPE = YES_ERROR;
				GCC_WARN_UNDECLARED_SELECTOR = YES;
				GCC_WARN_UNINITIALIZED_AUTOS = YES_AGGRESSIVE;
				GCC_WARN_UNUSED_FUNCTION = YES;
				GCC_WARN_UNUSED_VARIABLE = YES;
				IPHONEOS_DEPLOYMENT_TARGET = 13.4;
				MTL_ENABLE_DEBUG_INFO = INCLUDE_SOURCE;
				MTL_FAST_MATH = YES;
				ONLY_ACTIVE_ARCH = YES;
				SDKROOT = iphoneos;
				SWIFT_ACTIVE_COMPILATION_CONDITIONS = DEBUG;
				SWIFT_OPTIMIZATION_LEVEL = "-Onone";
			};
			name = Debug;
		};
		34FADB92244763780039552A /* Release */ = {
			isa = XCBuildConfiguration;
			buildSettings = {
				ALWAYS_SEARCH_USER_PATHS = NO;
				CLANG_ANALYZER_NONNULL = YES;
				CLANG_ANALYZER_NUMBER_OBJECT_CONVERSION = YES_AGGRESSIVE;
				CLANG_CXX_LANGUAGE_STANDARD = "gnu++14";
				CLANG_CXX_LIBRARY = "libc++";
				CLANG_ENABLE_MODULES = YES;
				CLANG_ENABLE_OBJC_ARC = YES;
				CLANG_ENABLE_OBJC_WEAK = YES;
				CLANG_WARN_BLOCK_CAPTURE_AUTORELEASING = YES;
				CLANG_WARN_BOOL_CONVERSION = YES;
				CLANG_WARN_COMMA = YES;
				CLANG_WARN_CONSTANT_CONVERSION = YES;
				CLANG_WARN_DEPRECATED_OBJC_IMPLEMENTATIONS = YES;
				CLANG_WARN_DIRECT_OBJC_ISA_USAGE = YES_ERROR;
				CLANG_WARN_DOCUMENTATION_COMMENTS = YES;
				CLANG_WARN_EMPTY_BODY = YES;
				CLANG_WARN_ENUM_CONVERSION = YES;
				CLANG_WARN_INFINITE_RECURSION = YES;
				CLANG_WARN_INT_CONVERSION = YES;
				CLANG_WARN_NON_LITERAL_NULL_CONVERSION = YES;
				CLANG_WARN_OBJC_IMPLICIT_RETAIN_SELF = YES;
				CLANG_WARN_OBJC_LITERAL_CONVERSION = YES;
				CLANG_WARN_OBJC_ROOT_CLASS = YES_ERROR;
				CLANG_WARN_RANGE_LOOP_ANALYSIS = YES;
				CLANG_WARN_STRICT_PROTOTYPES = YES;
				CLANG_WARN_SUSPICIOUS_MOVE = YES;
				CLANG_WARN_UNGUARDED_AVAILABILITY = YES_AGGRESSIVE;
				CLANG_WARN_UNREACHABLE_CODE = YES;
				CLANG_WARN__DUPLICATE_METHOD_MATCH = YES;
				COPY_PHASE_STRIP = NO;
				DEBUG_INFORMATION_FORMAT = "dwarf-with-dsym";
				ENABLE_NS_ASSERTIONS = NO;
				ENABLE_STRICT_OBJC_MSGSEND = YES;
				GCC_C_LANGUAGE_STANDARD = gnu11;
				GCC_NO_COMMON_BLOCKS = YES;
				GCC_WARN_64_TO_32_BIT_CONVERSION = YES;
				GCC_WARN_ABOUT_RETURN_TYPE = YES_ERROR;
				GCC_WARN_UNDECLARED_SELECTOR = YES;
				GCC_WARN_UNINITIALIZED_AUTOS = YES_AGGRESSIVE;
				GCC_WARN_UNUSED_FUNCTION = YES;
				GCC_WARN_UNUSED_VARIABLE = YES;
				IPHONEOS_DEPLOYMENT_TARGET = 13.4;
				MTL_ENABLE_DEBUG_INFO = NO;
				MTL_FAST_MATH = YES;
				SDKROOT = iphoneos;
				SWIFT_COMPILATION_MODE = wholemodule;
				SWIFT_OPTIMIZATION_LEVEL = "-O";
				VALIDATE_PRODUCT = YES;
			};
			name = Release;
		};
		34FADB94244763780039552A /* Debug */ = {
			isa = XCBuildConfiguration;
			buildSettings = {
				ASSETCATALOG_COMPILER_APPICON_NAME = AppIcon;
				CODE_SIGN_STYLE = Automatic;
				DEVELOPMENT_TEAM = T6M4DKL2NY;
				INFOPLIST_FILE = SolidSnake/Info.plist;
				LD_RUNPATH_SEARCH_PATHS = (
					"$(inherited)",
					"@executable_path/Frameworks",
				);
				PRODUCT_BUNDLE_IDENTIFIER = com.MatthewSilletti.SolidSnake;
				PRODUCT_NAME = "$(TARGET_NAME)";
				SWIFT_VERSION = 5.0;
				TARGETED_DEVICE_FAMILY = "1,2";
			};
			name = Debug;
		};
		34FADB95244763780039552A /* Release */ = {
			isa = XCBuildConfiguration;
			buildSettings = {
				ASSETCATALOG_COMPILER_APPICON_NAME = AppIcon;
				CODE_SIGN_STYLE = Automatic;
				DEVELOPMENT_TEAM = T6M4DKL2NY;
				INFOPLIST_FILE = SolidSnake/Info.plist;
				LD_RUNPATH_SEARCH_PATHS = (
					"$(inherited)",
					"@executable_path/Frameworks",
				);
				PRODUCT_BUNDLE_IDENTIFIER = com.MatthewSilletti.SolidSnake;
				PRODUCT_NAME = "$(TARGET_NAME)";
				SWIFT_VERSION = 5.0;
				TARGETED_DEVICE_FAMILY = "1,2";
			};
			name = Release;
		};
/* End XCBuildConfiguration section */

/* Begin XCConfigurationList section */
		34FADB76244763750039552A /* Build configuration list for PBXProject "SolidSnake" */ = {
			isa = XCConfigurationList;
			buildConfigurations = (
				34FADB91244763780039552A /* Debug */,
				34FADB92244763780039552A /* Release */,
			);
			defaultConfigurationIsVisible = 0;
			defaultConfigurationName = Release;
		};
		34FADB93244763780039552A /* Build configuration list for PBXNativeTarget "SolidSnake" */ = {
			isa = XCConfigurationList;
			buildConfigurations = (
				34FADB94244763780039552A /* Debug */,
				34FADB95244763780039552A /* Release */,
			);
			defaultConfigurationIsVisible = 0;
			defaultConfigurationName = Release;
		};
/* End XCConfigurationList section */
	};
	rootObject = 34FADB73244763750039552A /* Project object */;
}
